// !$*UTF8*$!
{
	archiveVersion = 1;
	classes = {
	};
	objectVersion = 50;
	objects = {

/* Begin PBXBuildFile section */
		7F9610C024B32BFC0023C306 /* AppDelegate.swift in Sources */ = {isa = PBXBuildFile; fileRef = 7F9610BF24B32BFC0023C306 /* AppDelegate.swift */; };
		7F9610C724B32BFC0023C306 /* BookList.storyboard in Resources */ = {isa = PBXBuildFile; fileRef = 7F9610C524B32BFC0023C306 /* BookList.storyboard */; };
		7F9610C924B32BFE0023C306 /* Assets.xcassets in Resources */ = {isa = PBXBuildFile; fileRef = 7F9610C824B32BFE0023C306 /* Assets.xcassets */; };
		7F9610CC24B32BFE0023C306 /* LaunchScreen.storyboard in Resources */ = {isa = PBXBuildFile; fileRef = 7F9610CA24B32BFE0023C306 /* LaunchScreen.storyboard */; };
		7F9610D724B32BFE0023C306 /* LOTR_AppTests.swift in Sources */ = {isa = PBXBuildFile; fileRef = 7F9610D624B32BFE0023C306 /* LOTR_AppTests.swift */; };
		7F9610E424B3319E0023C306 /* APIErrors.swift in Sources */ = {isa = PBXBuildFile; fileRef = 7F9610E324B3319E0023C306 /* APIErrors.swift */; };
		7F9610E624B331A90023C306 /* APISettings.swift in Sources */ = {isa = PBXBuildFile; fileRef = 7F9610E524B331A90023C306 /* APISettings.swift */; };
		7F9610E824B331C40023C306 /* LOTRApi.swift in Sources */ = {isa = PBXBuildFile; fileRef = 7F9610E724B331C40023C306 /* LOTRApi.swift */; };
		7F9610EA24B331D30023C306 /* LOTRService.swift in Sources */ = {isa = PBXBuildFile; fileRef = 7F9610E924B331D30023C306 /* LOTRService.swift */; };
		7F9610ED24B3394C0023C306 /* Books.swift in Sources */ = {isa = PBXBuildFile; fileRef = 7F9610EC24B3394C0023C306 /* Books.swift */; };
		7F9610F124B33C2C0023C306 /* BooksResponses.swift in Sources */ = {isa = PBXBuildFile; fileRef = 7F9610F024B33C2C0023C306 /* BooksResponses.swift */; };
		7F9610F324B348DB0023C306 /* Quote.swift in Sources */ = {isa = PBXBuildFile; fileRef = 7F9610F224B348DB0023C306 /* Quote.swift */; };
		7F9610F524B349060023C306 /* Movie.swift in Sources */ = {isa = PBXBuildFile; fileRef = 7F9610F424B349060023C306 /* Movie.swift */; };
		7F9610F724B34B6A0023C306 /* Chapter.swift in Sources */ = {isa = PBXBuildFile; fileRef = 7F9610F624B34B6A0023C306 /* Chapter.swift */; };
		7F9610F924B34C730023C306 /* Character.swift in Sources */ = {isa = PBXBuildFile; fileRef = 7F9610F824B34C730023C306 /* Character.swift */; };
		7F9610FB24B34CA80023C306 /* QuoteResponses.swift in Sources */ = {isa = PBXBuildFile; fileRef = 7F9610FA24B34CA80023C306 /* QuoteResponses.swift */; };
		7F9610FD24B34CD50023C306 /* MovieResponses.swift in Sources */ = {isa = PBXBuildFile; fileRef = 7F9610FC24B34CD50023C306 /* MovieResponses.swift */; };
		7F9610FF24B34D0E0023C306 /* ChapterResponses.swift in Sources */ = {isa = PBXBuildFile; fileRef = 7F9610FE24B34D0E0023C306 /* ChapterResponses.swift */; };
		7F96110124B34D3C0023C306 /* CharacterResponses.swift in Sources */ = {isa = PBXBuildFile; fileRef = 7F96110024B34D3C0023C306 /* CharacterResponses.swift */; };
		7F96110324B454490023C306 /* APISettingsTests.swift in Sources */ = {isa = PBXBuildFile; fileRef = 7F96110224B454490023C306 /* APISettingsTests.swift */; };
		7F96110824B4566D0023C306 /* book.json in Resources */ = {isa = PBXBuildFile; fileRef = 7F96110724B4566D0023C306 /* book.json */; };
		7F96110A24B456930023C306 /* movie.json in Resources */ = {isa = PBXBuildFile; fileRef = 7F96110924B456930023C306 /* movie.json */; };
		7F96110C24B456AE0023C306 /* quote.json in Resources */ = {isa = PBXBuildFile; fileRef = 7F96110B24B456AE0023C306 /* quote.json */; };
		7F96110E24B456C90023C306 /* chapter.json in Resources */ = {isa = PBXBuildFile; fileRef = 7F96110D24B456C90023C306 /* chapter.json */; };
		7F96111024B456DF0023C306 /* character.json in Resources */ = {isa = PBXBuildFile; fileRef = 7F96110F24B456DF0023C306 /* character.json */; };
		7F96111224B46AF20023C306 /* MockService.swift in Sources */ = {isa = PBXBuildFile; fileRef = 7F96111124B46AF20023C306 /* MockService.swift */; };
		7F96111424B46C1D0023C306 /* ResourceLoader.swift in Sources */ = {isa = PBXBuildFile; fileRef = 7F96111324B46C1D0023C306 /* ResourceLoader.swift */; };
		7F96111A24B487AA0023C306 /* BookListViewController.swift in Sources */ = {isa = PBXBuildFile; fileRef = 7F96111924B487AA0023C306 /* BookListViewController.swift */; };
		7F96111C24B487B50023C306 /* BookListViewModel.swift in Sources */ = {isa = PBXBuildFile; fileRef = 7F96111B24B487B50023C306 /* BookListViewModel.swift */; };
		7F96111F24B48AA30023C306 /* TabBarController.swift in Sources */ = {isa = PBXBuildFile; fileRef = 7F96111E24B48AA30023C306 /* TabBarController.swift */; };
		7F96112324B48CB30023C306 /* AppRouter.swift in Sources */ = {isa = PBXBuildFile; fileRef = 7F96112224B48CB30023C306 /* AppRouter.swift */; };
		7F96112724B5A5440023C306 /* BookPresentation.swift in Sources */ = {isa = PBXBuildFile; fileRef = 7F96112624B5A5440023C306 /* BookPresentation.swift */; };
		7F96112924B5A65C0023C306 /* BookListContracts.swift in Sources */ = {isa = PBXBuildFile; fileRef = 7F96112824B5A65C0023C306 /* BookListContracts.swift */; };
		7F96112C24B5AAB70023C306 /* BookListViewModelTests.swift in Sources */ = {isa = PBXBuildFile; fileRef = 7F96112B24B5AAB70023C306 /* BookListViewModelTests.swift */; };
		7F96112F24B5D8560023C306 /* BookListSceneBuilder.swift in Sources */ = {isa = PBXBuildFile; fileRef = 7F96112E24B5D8560023C306 /* BookListSceneBuilder.swift */; };
		7F96113124B5E19C0023C306 /* UIViewController + Extensions.swift in Sources */ = {isa = PBXBuildFile; fileRef = 7F96113024B5E19C0023C306 /* UIViewController + Extensions.swift */; };
		7F96113324B5F6770023C306 /* BaseViewController.swift in Sources */ = {isa = PBXBuildFile; fileRef = 7F96113224B5F6770023C306 /* BaseViewController.swift */; };
		7F96113824B6F6870023C306 /* MovieListContracts.swift in Sources */ = {isa = PBXBuildFile; fileRef = 7F96113724B6F6870023C306 /* MovieListContracts.swift */; };
		7F96113A24B6F7100023C306 /* MoviePresentation.swift in Sources */ = {isa = PBXBuildFile; fileRef = 7F96113924B6F7100023C306 /* MoviePresentation.swift */; };
		7F96113C24B6F7F40023C306 /* MovieListViewModel.swift in Sources */ = {isa = PBXBuildFile; fileRef = 7F96113B24B6F7F40023C306 /* MovieListViewModel.swift */; };
		7F96113E24B6F91B0023C306 /* MovieListViewController.swift in Sources */ = {isa = PBXBuildFile; fileRef = 7F96113D24B6F91B0023C306 /* MovieListViewController.swift */; };
		7F96114024B6F9BA0023C306 /* MovieList.storyboard in Resources */ = {isa = PBXBuildFile; fileRef = 7F96113F24B6F9BA0023C306 /* MovieList.storyboard */; };
		7F96114224B6FB9F0023C306 /* MovieListSceneBuilder.swift in Sources */ = {isa = PBXBuildFile; fileRef = 7F96114124B6FB9F0023C306 /* MovieListSceneBuilder.swift */; };
		7F96114E24B887C00023C306 /* BookListDetailSceneBuilder.swift in Sources */ = {isa = PBXBuildFile; fileRef = 7F96114D24B887C00023C306 /* BookListDetailSceneBuilder.swift */; };
		7F96115024B888110023C306 /* BookListDetailViewModel.swift in Sources */ = {isa = PBXBuildFile; fileRef = 7F96114F24B888110023C306 /* BookListDetailViewModel.swift */; };
		7F96115224B888280023C306 /* BookListDetail.storyboard in Resources */ = {isa = PBXBuildFile; fileRef = 7F96115124B888280023C306 /* BookListDetail.storyboard */; };
		7F96115424B888350023C306 /* BookListDetailViewController.swift in Sources */ = {isa = PBXBuildFile; fileRef = 7F96115324B888350023C306 /* BookListDetailViewController.swift */; };
		7F96115624B88A870023C306 /* BookListDetailContracts.swift in Sources */ = {isa = PBXBuildFile; fileRef = 7F96115524B88A870023C306 /* BookListDetailContracts.swift */; };
		7F96115824BC42A70023C306 /* MovieListDetail.storyboard in Resources */ = {isa = PBXBuildFile; fileRef = 7F96115724BC42A70023C306 /* MovieListDetail.storyboard */; };
		7F96115A24BC42CE0023C306 /* MovieListDetailViewController.swift in Sources */ = {isa = PBXBuildFile; fileRef = 7F96115924BC42CE0023C306 /* MovieListDetailViewController.swift */; };
		7F96115C24BC43570023C306 /* MovieListDetailViewModel.swift in Sources */ = {isa = PBXBuildFile; fileRef = 7F96115B24BC43570023C306 /* MovieListDetailViewModel.swift */; };
		7F96115E24BC43E60023C306 /* MovieListDetailSceneBuilder.swift in Sources */ = {isa = PBXBuildFile; fileRef = 7F96115D24BC43E60023C306 /* MovieListDetailSceneBuilder.swift */; };
		7F96116224BC44810023C306 /* MovieListDetailContracts.swift in Sources */ = {isa = PBXBuildFile; fileRef = 7F96116124BC44810023C306 /* MovieListDetailContracts.swift */; };
		7F96116524BC54490023C306 /* BookListCell.swift in Sources */ = {isa = PBXBuildFile; fileRef = 7F96116424BC54490023C306 /* BookListCell.swift */; };
		7F96116824BC72AC0023C306 /* Favorites.xcdatamodeld in Sources */ = {isa = PBXBuildFile; fileRef = 7F96116624BC72AC0023C306 /* Favorites.xcdatamodeld */; };
		7F96116B24BC8C750023C306 /* BooksPersistanceManager.swift in Sources */ = {isa = PBXBuildFile; fileRef = 7F96116A24BC8C750023C306 /* BooksPersistanceManager.swift */; };
		7F96116D24BC8C970023C306 /* PersistanceManagerContracts.swift in Sources */ = {isa = PBXBuildFile; fileRef = 7F96116C24BC8C970023C306 /* PersistanceManagerContracts.swift */; };
		7F96117024BDE46C0023C306 /* FavoritesViewController.swift in Sources */ = {isa = PBXBuildFile; fileRef = 7F96116F24BDE46C0023C306 /* FavoritesViewController.swift */; };
		7F96117224BDE4930023C306 /* FavoritesList.storyboard in Resources */ = {isa = PBXBuildFile; fileRef = 7F96117124BDE4930023C306 /* FavoritesList.storyboard */; };
		7F96117424BDE4EA0023C306 /* FavoritesViewModel.swift in Sources */ = {isa = PBXBuildFile; fileRef = 7F96117324BDE4EA0023C306 /* FavoritesViewModel.swift */; };
		7F96117624BDE4FC0023C306 /* FavoritesSceneBuilder.swift in Sources */ = {isa = PBXBuildFile; fileRef = 7F96117524BDE4FC0023C306 /* FavoritesSceneBuilder.swift */; };
		7F96117824BDE81F0023C306 /* FavoritesContracts.swift in Sources */ = {isa = PBXBuildFile; fileRef = 7F96117724BDE81F0023C306 /* FavoritesContracts.swift */; };
		7F96117A24C0286F0023C306 /* PersistanceError.swift in Sources */ = {isa = PBXBuildFile; fileRef = 7F96117924C0286F0023C306 /* PersistanceError.swift */; };
		7FA8B23E24C07305002DAD25 /* MovieListCell.swift in Sources */ = {isa = PBXBuildFile; fileRef = 7FA8B23D24C07305002DAD25 /* MovieListCell.swift */; };
		7FA8B24024C07717002DAD25 /* MoviesPersistanceManager.swift in Sources */ = {isa = PBXBuildFile; fileRef = 7FA8B23F24C07717002DAD25 /* MoviesPersistanceManager.swift */; };
/* End PBXBuildFile section */

/* Begin PBXContainerItemProxy section */
		7F9610D324B32BFE0023C306 /* PBXContainerItemProxy */ = {
			isa = PBXContainerItemProxy;
			containerPortal = 7F9610B424B32BFB0023C306 /* Project object */;
			proxyType = 1;
			remoteGlobalIDString = 7F9610BB24B32BFC0023C306;
			remoteInfo = "LOTR App";
		};
/* End PBXContainerItemProxy section */

/* Begin PBXFileReference section */
		7F9610BC24B32BFC0023C306 /* LOTR App.app */ = {isa = PBXFileReference; explicitFileType = wrapper.application; includeInIndex = 0; path = "LOTR App.app"; sourceTree = BUILT_PRODUCTS_DIR; };
		7F9610BF24B32BFC0023C306 /* AppDelegate.swift */ = {isa = PBXFileReference; lastKnownFileType = sourcecode.swift; path = AppDelegate.swift; sourceTree = "<group>"; };
		7F9610C624B32BFC0023C306 /* Base */ = {isa = PBXFileReference; lastKnownFileType = file.storyboard; name = Base; path = Base.lproj/BookList.storyboard; sourceTree = "<group>"; };
		7F9610C824B32BFE0023C306 /* Assets.xcassets */ = {isa = PBXFileReference; lastKnownFileType = folder.assetcatalog; path = Assets.xcassets; sourceTree = "<group>"; };
		7F9610CB24B32BFE0023C306 /* Base */ = {isa = PBXFileReference; lastKnownFileType = file.storyboard; name = Base; path = Base.lproj/LaunchScreen.storyboard; sourceTree = "<group>"; };
		7F9610CD24B32BFE0023C306 /* Info.plist */ = {isa = PBXFileReference; lastKnownFileType = text.plist.xml; path = Info.plist; sourceTree = "<group>"; };
		7F9610D224B32BFE0023C306 /* LOTR AppTests.xctest */ = {isa = PBXFileReference; explicitFileType = wrapper.cfbundle; includeInIndex = 0; path = "LOTR AppTests.xctest"; sourceTree = BUILT_PRODUCTS_DIR; };
		7F9610D624B32BFE0023C306 /* LOTR_AppTests.swift */ = {isa = PBXFileReference; lastKnownFileType = sourcecode.swift; path = LOTR_AppTests.swift; sourceTree = "<group>"; };
		7F9610D824B32BFE0023C306 /* Info.plist */ = {isa = PBXFileReference; lastKnownFileType = text.plist.xml; path = Info.plist; sourceTree = "<group>"; };
		7F9610E324B3319E0023C306 /* APIErrors.swift */ = {isa = PBXFileReference; lastKnownFileType = sourcecode.swift; path = APIErrors.swift; sourceTree = "<group>"; };
		7F9610E524B331A90023C306 /* APISettings.swift */ = {isa = PBXFileReference; lastKnownFileType = sourcecode.swift; path = APISettings.swift; sourceTree = "<group>"; };
		7F9610E724B331C40023C306 /* LOTRApi.swift */ = {isa = PBXFileReference; lastKnownFileType = sourcecode.swift; path = LOTRApi.swift; sourceTree = "<group>"; };
		7F9610E924B331D30023C306 /* LOTRService.swift */ = {isa = PBXFileReference; lastKnownFileType = sourcecode.swift; path = LOTRService.swift; sourceTree = "<group>"; };
		7F9610EC24B3394C0023C306 /* Books.swift */ = {isa = PBXFileReference; lastKnownFileType = sourcecode.swift; path = Books.swift; sourceTree = "<group>"; };
		7F9610F024B33C2C0023C306 /* BooksResponses.swift */ = {isa = PBXFileReference; lastKnownFileType = sourcecode.swift; path = BooksResponses.swift; sourceTree = "<group>"; };
		7F9610F224B348DB0023C306 /* Quote.swift */ = {isa = PBXFileReference; lastKnownFileType = sourcecode.swift; path = Quote.swift; sourceTree = "<group>"; };
		7F9610F424B349060023C306 /* Movie.swift */ = {isa = PBXFileReference; lastKnownFileType = sourcecode.swift; path = Movie.swift; sourceTree = "<group>"; };
		7F9610F624B34B6A0023C306 /* Chapter.swift */ = {isa = PBXFileReference; lastKnownFileType = sourcecode.swift; path = Chapter.swift; sourceTree = "<group>"; };
		7F9610F824B34C730023C306 /* Character.swift */ = {isa = PBXFileReference; lastKnownFileType = sourcecode.swift; path = Character.swift; sourceTree = "<group>"; };
		7F9610FA24B34CA80023C306 /* QuoteResponses.swift */ = {isa = PBXFileReference; lastKnownFileType = sourcecode.swift; path = QuoteResponses.swift; sourceTree = "<group>"; };
		7F9610FC24B34CD50023C306 /* MovieResponses.swift */ = {isa = PBXFileReference; lastKnownFileType = sourcecode.swift; path = MovieResponses.swift; sourceTree = "<group>"; };
		7F9610FE24B34D0E0023C306 /* ChapterResponses.swift */ = {isa = PBXFileReference; lastKnownFileType = sourcecode.swift; path = ChapterResponses.swift; sourceTree = "<group>"; };
		7F96110024B34D3C0023C306 /* CharacterResponses.swift */ = {isa = PBXFileReference; lastKnownFileType = sourcecode.swift; path = CharacterResponses.swift; sourceTree = "<group>"; };
		7F96110224B454490023C306 /* APISettingsTests.swift */ = {isa = PBXFileReference; lastKnownFileType = sourcecode.swift; path = APISettingsTests.swift; sourceTree = "<group>"; };
		7F96110724B4566D0023C306 /* book.json */ = {isa = PBXFileReference; lastKnownFileType = text.json; path = book.json; sourceTree = "<group>"; };
		7F96110924B456930023C306 /* movie.json */ = {isa = PBXFileReference; lastKnownFileType = text.json; path = movie.json; sourceTree = "<group>"; };
		7F96110B24B456AE0023C306 /* quote.json */ = {isa = PBXFileReference; lastKnownFileType = text.json; path = quote.json; sourceTree = "<group>"; };
		7F96110D24B456C90023C306 /* chapter.json */ = {isa = PBXFileReference; lastKnownFileType = text.json; path = chapter.json; sourceTree = "<group>"; };
		7F96110F24B456DF0023C306 /* character.json */ = {isa = PBXFileReference; lastKnownFileType = text.json; path = character.json; sourceTree = "<group>"; };
		7F96111124B46AF20023C306 /* MockService.swift */ = {isa = PBXFileReference; lastKnownFileType = sourcecode.swift; path = MockService.swift; sourceTree = "<group>"; };
		7F96111324B46C1D0023C306 /* ResourceLoader.swift */ = {isa = PBXFileReference; lastKnownFileType = sourcecode.swift; path = ResourceLoader.swift; sourceTree = "<group>"; };
		7F96111924B487AA0023C306 /* BookListViewController.swift */ = {isa = PBXFileReference; lastKnownFileType = sourcecode.swift; path = BookListViewController.swift; sourceTree = "<group>"; };
		7F96111B24B487B50023C306 /* BookListViewModel.swift */ = {isa = PBXFileReference; lastKnownFileType = sourcecode.swift; path = BookListViewModel.swift; sourceTree = "<group>"; };
		7F96111E24B48AA30023C306 /* TabBarController.swift */ = {isa = PBXFileReference; lastKnownFileType = sourcecode.swift; path = TabBarController.swift; sourceTree = "<group>"; };
		7F96112224B48CB30023C306 /* AppRouter.swift */ = {isa = PBXFileReference; lastKnownFileType = sourcecode.swift; path = AppRouter.swift; sourceTree = "<group>"; };
		7F96112624B5A5440023C306 /* BookPresentation.swift */ = {isa = PBXFileReference; lastKnownFileType = sourcecode.swift; path = BookPresentation.swift; sourceTree = "<group>"; };
		7F96112824B5A65C0023C306 /* BookListContracts.swift */ = {isa = PBXFileReference; lastKnownFileType = sourcecode.swift; path = BookListContracts.swift; sourceTree = "<group>"; };
		7F96112B24B5AAB70023C306 /* BookListViewModelTests.swift */ = {isa = PBXFileReference; lastKnownFileType = sourcecode.swift; path = BookListViewModelTests.swift; sourceTree = "<group>"; };
		7F96112E24B5D8560023C306 /* BookListSceneBuilder.swift */ = {isa = PBXFileReference; lastKnownFileType = sourcecode.swift; path = BookListSceneBuilder.swift; sourceTree = "<group>"; };
		7F96113024B5E19C0023C306 /* UIViewController + Extensions.swift */ = {isa = PBXFileReference; lastKnownFileType = sourcecode.swift; path = "UIViewController + Extensions.swift"; sourceTree = "<group>"; };
		7F96113224B5F6770023C306 /* BaseViewController.swift */ = {isa = PBXFileReference; lastKnownFileType = sourcecode.swift; path = BaseViewController.swift; sourceTree = "<group>"; };
		7F96113724B6F6870023C306 /* MovieListContracts.swift */ = {isa = PBXFileReference; lastKnownFileType = sourcecode.swift; path = MovieListContracts.swift; sourceTree = "<group>"; };
		7F96113924B6F7100023C306 /* MoviePresentation.swift */ = {isa = PBXFileReference; lastKnownFileType = sourcecode.swift; path = MoviePresentation.swift; sourceTree = "<group>"; };
		7F96113B24B6F7F40023C306 /* MovieListViewModel.swift */ = {isa = PBXFileReference; lastKnownFileType = sourcecode.swift; path = MovieListViewModel.swift; sourceTree = "<group>"; };
		7F96113D24B6F91B0023C306 /* MovieListViewController.swift */ = {isa = PBXFileReference; lastKnownFileType = sourcecode.swift; path = MovieListViewController.swift; sourceTree = "<group>"; };
		7F96113F24B6F9BA0023C306 /* MovieList.storyboard */ = {isa = PBXFileReference; lastKnownFileType = file.storyboard; path = MovieList.storyboard; sourceTree = "<group>"; };
		7F96114124B6FB9F0023C306 /* MovieListSceneBuilder.swift */ = {isa = PBXFileReference; lastKnownFileType = sourcecode.swift; path = MovieListSceneBuilder.swift; sourceTree = "<group>"; };
		7F96114D24B887C00023C306 /* BookListDetailSceneBuilder.swift */ = {isa = PBXFileReference; lastKnownFileType = sourcecode.swift; path = BookListDetailSceneBuilder.swift; sourceTree = "<group>"; };
		7F96114F24B888110023C306 /* BookListDetailViewModel.swift */ = {isa = PBXFileReference; lastKnownFileType = sourcecode.swift; path = BookListDetailViewModel.swift; sourceTree = "<group>"; };
		7F96115124B888280023C306 /* BookListDetail.storyboard */ = {isa = PBXFileReference; lastKnownFileType = file.storyboard; path = BookListDetail.storyboard; sourceTree = "<group>"; };
		7F96115324B888350023C306 /* BookListDetailViewController.swift */ = {isa = PBXFileReference; lastKnownFileType = sourcecode.swift; path = BookListDetailViewController.swift; sourceTree = "<group>"; };
		7F96115524B88A870023C306 /* BookListDetailContracts.swift */ = {isa = PBXFileReference; lastKnownFileType = sourcecode.swift; path = BookListDetailContracts.swift; sourceTree = "<group>"; };
		7F96115724BC42A70023C306 /* MovieListDetail.storyboard */ = {isa = PBXFileReference; lastKnownFileType = file.storyboard; path = MovieListDetail.storyboard; sourceTree = "<group>"; };
		7F96115924BC42CE0023C306 /* MovieListDetailViewController.swift */ = {isa = PBXFileReference; lastKnownFileType = sourcecode.swift; path = MovieListDetailViewController.swift; sourceTree = "<group>"; };
		7F96115B24BC43570023C306 /* MovieListDetailViewModel.swift */ = {isa = PBXFileReference; lastKnownFileType = sourcecode.swift; path = MovieListDetailViewModel.swift; sourceTree = "<group>"; };
		7F96115D24BC43E60023C306 /* MovieListDetailSceneBuilder.swift */ = {isa = PBXFileReference; lastKnownFileType = sourcecode.swift; path = MovieListDetailSceneBuilder.swift; sourceTree = "<group>"; };
		7F96116124BC44810023C306 /* MovieListDetailContracts.swift */ = {isa = PBXFileReference; lastKnownFileType = sourcecode.swift; path = MovieListDetailContracts.swift; sourceTree = "<group>"; };
		7F96116424BC54490023C306 /* BookListCell.swift */ = {isa = PBXFileReference; lastKnownFileType = sourcecode.swift; path = BookListCell.swift; sourceTree = "<group>"; };
		7F96116724BC72AC0023C306 /* Favorites.xcdatamodel */ = {isa = PBXFileReference; lastKnownFileType = wrapper.xcdatamodel; path = Favorites.xcdatamodel; sourceTree = "<group>"; };
		7F96116A24BC8C750023C306 /* BooksPersistanceManager.swift */ = {isa = PBXFileReference; lastKnownFileType = sourcecode.swift; path = BooksPersistanceManager.swift; sourceTree = "<group>"; };
		7F96116C24BC8C970023C306 /* PersistanceManagerContracts.swift */ = {isa = PBXFileReference; lastKnownFileType = sourcecode.swift; path = PersistanceManagerContracts.swift; sourceTree = "<group>"; };
		7F96116F24BDE46C0023C306 /* FavoritesViewController.swift */ = {isa = PBXFileReference; lastKnownFileType = sourcecode.swift; path = FavoritesViewController.swift; sourceTree = "<group>"; };
		7F96117124BDE4930023C306 /* FavoritesList.storyboard */ = {isa = PBXFileReference; lastKnownFileType = file.storyboard; path = FavoritesList.storyboard; sourceTree = "<group>"; };
		7F96117324BDE4EA0023C306 /* FavoritesViewModel.swift */ = {isa = PBXFileReference; lastKnownFileType = sourcecode.swift; path = FavoritesViewModel.swift; sourceTree = "<group>"; };
		7F96117524BDE4FC0023C306 /* FavoritesSceneBuilder.swift */ = {isa = PBXFileReference; lastKnownFileType = sourcecode.swift; path = FavoritesSceneBuilder.swift; sourceTree = "<group>"; };
		7F96117724BDE81F0023C306 /* FavoritesContracts.swift */ = {isa = PBXFileReference; lastKnownFileType = sourcecode.swift; path = FavoritesContracts.swift; sourceTree = "<group>"; };
		7F96117924C0286F0023C306 /* PersistanceError.swift */ = {isa = PBXFileReference; lastKnownFileType = sourcecode.swift; path = PersistanceError.swift; sourceTree = "<group>"; };
		7FA8B23D24C07305002DAD25 /* MovieListCell.swift */ = {isa = PBXFileReference; lastKnownFileType = sourcecode.swift; path = MovieListCell.swift; sourceTree = "<group>"; };
		7FA8B23F24C07717002DAD25 /* MoviesPersistanceManager.swift */ = {isa = PBXFileReference; lastKnownFileType = sourcecode.swift; path = MoviesPersistanceManager.swift; sourceTree = "<group>"; };
/* End PBXFileReference section */

/* Begin PBXFrameworksBuildPhase section */
		7F9610B924B32BFC0023C306 /* Frameworks */ = {
			isa = PBXFrameworksBuildPhase;
			buildActionMask = 2147483647;
			files = (
			);
			runOnlyForDeploymentPostprocessing = 0;
		};
		7F9610CF24B32BFE0023C306 /* Frameworks */ = {
			isa = PBXFrameworksBuildPhase;
			buildActionMask = 2147483647;
			files = (
			);
			runOnlyForDeploymentPostprocessing = 0;
		};
/* End PBXFrameworksBuildPhase section */

/* Begin PBXGroup section */
		7F9610B324B32BFB0023C306 = {
			isa = PBXGroup;
			children = (
				7F9610BE24B32BFC0023C306 /* LOTR App */,
				7F9610D524B32BFE0023C306 /* LOTR AppTests */,
				7F9610BD24B32BFC0023C306 /* Products */,
			);
			sourceTree = "<group>";
		};
		7F9610BD24B32BFC0023C306 /* Products */ = {
			isa = PBXGroup;
			children = (
				7F9610BC24B32BFC0023C306 /* LOTR App.app */,
				7F9610D224B32BFE0023C306 /* LOTR AppTests.xctest */,
			);
			name = Products;
			sourceTree = "<group>";
		};
		7F9610BE24B32BFC0023C306 /* LOTR App */ = {
			isa = PBXGroup;
			children = (
				7F9610E124B3307D0023C306 /* System */,
				7F96116924BC8C3F0023C306 /* Persistance */,
				7F96112424B5A5330023C306 /* Common */,
				7F9610EB24B339300023C306 /* Model */,
				7F9610E224B331700023C306 /* Service */,
				7F96112D24B5D8250023C306 /* SceneBuilders */,
				7F96111524B4859A0023C306 /* Scenes */,
				7F96116624BC72AC0023C306 /* Favorites.xcdatamodeld */,
			);
			path = "LOTR App";
			sourceTree = "<group>";
		};
		7F9610D524B32BFE0023C306 /* LOTR AppTests */ = {
			isa = PBXGroup;
			children = (
				7F96110424B455F20023C306 /* ServiceTests */,
				7F96112A24B5AA8E0023C306 /* ViewModelTests */,
				7F9610D824B32BFE0023C306 /* Info.plist */,
			);
			path = "LOTR AppTests";
			sourceTree = "<group>";
		};
		7F9610E124B3307D0023C306 /* System */ = {
			isa = PBXGroup;
			children = (
				7F9610CA24B32BFE0023C306 /* LaunchScreen.storyboard */,
				7F9610BF24B32BFC0023C306 /* AppDelegate.swift */,
				7F9610CD24B32BFE0023C306 /* Info.plist */,
				7F9610C824B32BFE0023C306 /* Assets.xcassets */,
			);
			path = System;
			sourceTree = "<group>";
		};
		7F9610E224B331700023C306 /* Service */ = {
			isa = PBXGroup;
			children = (
				7F9610E324B3319E0023C306 /* APIErrors.swift */,
				7F9610E524B331A90023C306 /* APISettings.swift */,
				7F9610E724B331C40023C306 /* LOTRApi.swift */,
				7F9610E924B331D30023C306 /* LOTRService.swift */,
			);
			path = Service;
			sourceTree = "<group>";
		};
		7F9610EB24B339300023C306 /* Model */ = {
			isa = PBXGroup;
			children = (
				7F9610EF24B33C120023C306 /* Responses */,
				7F9610EE24B33C0C0023C306 /* DTOs */,
			);
			path = Model;
			sourceTree = "<group>";
		};
		7F9610EE24B33C0C0023C306 /* DTOs */ = {
			isa = PBXGroup;
			children = (
				7F9610EC24B3394C0023C306 /* Books.swift */,
				7F9610F224B348DB0023C306 /* Quote.swift */,
				7F9610F424B349060023C306 /* Movie.swift */,
				7F9610F624B34B6A0023C306 /* Chapter.swift */,
				7F9610F824B34C730023C306 /* Character.swift */,
			);
			path = DTOs;
			sourceTree = "<group>";
		};
		7F9610EF24B33C120023C306 /* Responses */ = {
			isa = PBXGroup;
			children = (
				7F9610F024B33C2C0023C306 /* BooksResponses.swift */,
				7F9610FA24B34CA80023C306 /* QuoteResponses.swift */,
				7F9610FC24B34CD50023C306 /* MovieResponses.swift */,
				7F9610FE24B34D0E0023C306 /* ChapterResponses.swift */,
				7F96110024B34D3C0023C306 /* CharacterResponses.swift */,
			);
			path = Responses;
			sourceTree = "<group>";
		};
		7F96110424B455F20023C306 /* ServiceTests */ = {
			isa = PBXGroup;
			children = (
				7F96110524B455FD0023C306 /* Resources */,
				7F9610D624B32BFE0023C306 /* LOTR_AppTests.swift */,
				7F96110224B454490023C306 /* APISettingsTests.swift */,
			);
			path = ServiceTests;
			sourceTree = "<group>";
		};
		7F96110524B455FD0023C306 /* Resources */ = {
			isa = PBXGroup;
			children = (
				7F96110624B456550023C306 /* JSON */,
				7F96111124B46AF20023C306 /* MockService.swift */,
				7F96111324B46C1D0023C306 /* ResourceLoader.swift */,
			);
			path = Resources;
			sourceTree = "<group>";
		};
		7F96110624B456550023C306 /* JSON */ = {
			isa = PBXGroup;
			children = (
				7F96110724B4566D0023C306 /* book.json */,
				7F96110924B456930023C306 /* movie.json */,
				7F96110B24B456AE0023C306 /* quote.json */,
				7F96110D24B456C90023C306 /* chapter.json */,
				7F96110F24B456DF0023C306 /* character.json */,
			);
			path = JSON;
			sourceTree = "<group>";
		};
		7F96111524B4859A0023C306 /* Scenes */ = {
			isa = PBXGroup;
			children = (
				7F96111D24B489BD0023C306 /* Root */,
				7F96111624B485E20023C306 /* Books */,
				7F96113424B6F62B0023C306 /* Movie */,
				7F96116E24BDE44B0023C306 /* Favorites */,
				7F96113224B5F6770023C306 /* BaseViewController.swift */,
			);
			path = Scenes;
			sourceTree = "<group>";
		};
		7F96111624B485E20023C306 /* Books */ = {
			isa = PBXGroup;
			children = (
				7F96111724B486940023C306 /* BookList */,
				7F96111824B486EA0023C306 /* BookDetail */,
			);
			path = Books;
			sourceTree = "<group>";
		};
		7F96111724B486940023C306 /* BookList */ = {
			isa = PBXGroup;
			children = (
				7F96116324BC54390023C306 /* Cells */,
				7F9610C524B32BFC0023C306 /* BookList.storyboard */,
				7F96111924B487AA0023C306 /* BookListViewController.swift */,
				7F96111B24B487B50023C306 /* BookListViewModel.swift */,
				7F96112824B5A65C0023C306 /* BookListContracts.swift */,
			);
			path = BookList;
			sourceTree = "<group>";
		};
		7F96111824B486EA0023C306 /* BookDetail */ = {
			isa = PBXGroup;
			children = (
				7F96115124B888280023C306 /* BookListDetail.storyboard */,
				7F96115324B888350023C306 /* BookListDetailViewController.swift */,
				7F96114F24B888110023C306 /* BookListDetailViewModel.swift */,
				7F96115524B88A870023C306 /* BookListDetailContracts.swift */,
			);
			path = BookDetail;
			sourceTree = "<group>";
		};
		7F96111D24B489BD0023C306 /* Root */ = {
			isa = PBXGroup;
			children = (
				7F96111E24B48AA30023C306 /* TabBarController.swift */,
				7F96112224B48CB30023C306 /* AppRouter.swift */,
			);
			path = Root;
			sourceTree = "<group>";
		};
		7F96112424B5A5330023C306 /* Common */ = {
			isa = PBXGroup;
			children = (
				7F96112524B5A5390023C306 /* Presentations */,
				7F96113024B5E19C0023C306 /* UIViewController + Extensions.swift */,
			);
			path = Common;
			sourceTree = "<group>";
		};
		7F96112524B5A5390023C306 /* Presentations */ = {
			isa = PBXGroup;
			children = (
				7F96112624B5A5440023C306 /* BookPresentation.swift */,
				7F96113924B6F7100023C306 /* MoviePresentation.swift */,
			);
			path = Presentations;
			sourceTree = "<group>";
		};
		7F96112A24B5AA8E0023C306 /* ViewModelTests */ = {
			isa = PBXGroup;
			children = (
				7F96112B24B5AAB70023C306 /* BookListViewModelTests.swift */,
			);
			path = ViewModelTests;
			sourceTree = "<group>";
		};
		7F96112D24B5D8250023C306 /* SceneBuilders */ = {
			isa = PBXGroup;
			children = (
				7F96112E24B5D8560023C306 /* BookListSceneBuilder.swift */,
				7F96114D24B887C00023C306 /* BookListDetailSceneBuilder.swift */,
				7F96114124B6FB9F0023C306 /* MovieListSceneBuilder.swift */,
				7F96115D24BC43E60023C306 /* MovieListDetailSceneBuilder.swift */,
				7F96117524BDE4FC0023C306 /* FavoritesSceneBuilder.swift */,
			);
			path = SceneBuilders;
			sourceTree = "<group>";
		};
		7F96113424B6F62B0023C306 /* Movie */ = {
			isa = PBXGroup;
			children = (
				7F96113524B6F6550023C306 /* MovieList */,
				7F96113624B6F65C0023C306 /* MovieDetail */,
			);
			path = Movie;
			sourceTree = "<group>";
		};
		7F96113524B6F6550023C306 /* MovieList */ = {
			isa = PBXGroup;
			children = (
				7FA8B23C24C072F5002DAD25 /* Cells */,
				7F96113F24B6F9BA0023C306 /* MovieList.storyboard */,
				7F96113D24B6F91B0023C306 /* MovieListViewController.swift */,
				7F96113B24B6F7F40023C306 /* MovieListViewModel.swift */,
				7F96113724B6F6870023C306 /* MovieListContracts.swift */,
			);
			path = MovieList;
			sourceTree = "<group>";
		};
		7F96113624B6F65C0023C306 /* MovieDetail */ = {
			isa = PBXGroup;
			children = (
				7F96115724BC42A70023C306 /* MovieListDetail.storyboard */,
				7F96115924BC42CE0023C306 /* MovieListDetailViewController.swift */,
				7F96115B24BC43570023C306 /* MovieListDetailViewModel.swift */,
				7F96116124BC44810023C306 /* MovieListDetailContracts.swift */,
			);
			path = MovieDetail;
			sourceTree = "<group>";
		};
		7F96116324BC54390023C306 /* Cells */ = {
			isa = PBXGroup;
			children = (
				7F96116424BC54490023C306 /* BookListCell.swift */,
			);
			path = Cells;
			sourceTree = "<group>";
		};
		7F96116924BC8C3F0023C306 /* Persistance */ = {
			isa = PBXGroup;
			children = (
				7F96116A24BC8C750023C306 /* BooksPersistanceManager.swift */,
				7F96116C24BC8C970023C306 /* PersistanceManagerContracts.swift */,
				7F96117924C0286F0023C306 /* PersistanceError.swift */,
				7FA8B23F24C07717002DAD25 /* MoviesPersistanceManager.swift */,
			);
			path = Persistance;
			sourceTree = "<group>";
		};
		7F96116E24BDE44B0023C306 /* Favorites */ = {
			isa = PBXGroup;
			children = (
				7F96117124BDE4930023C306 /* FavoritesList.storyboard */,
				7F96116F24BDE46C0023C306 /* FavoritesViewController.swift */,
				7F96117324BDE4EA0023C306 /* FavoritesViewModel.swift */,
				7F96117724BDE81F0023C306 /* FavoritesContracts.swift */,
			);
			path = Favorites;
			sourceTree = "<group>";
		};
		7FA8B23C24C072F5002DAD25 /* Cells */ = {
			isa = PBXGroup;
			children = (
				7FA8B23D24C07305002DAD25 /* MovieListCell.swift */,
			);
			path = Cells;
			sourceTree = "<group>";
		};
/* End PBXGroup section */

/* Begin PBXNativeTarget section */
		7F9610BB24B32BFC0023C306 /* LOTR App */ = {
			isa = PBXNativeTarget;
			buildConfigurationList = 7F9610DB24B32BFE0023C306 /* Build configuration list for PBXNativeTarget "LOTR App" */;
			buildPhases = (
				7F9610B824B32BFC0023C306 /* Sources */,
				7F9610B924B32BFC0023C306 /* Frameworks */,
				7F9610BA24B32BFC0023C306 /* Resources */,
			);
			buildRules = (
			);
			dependencies = (
			);
			name = "LOTR App";
			productName = "LOTR App";
			productReference = 7F9610BC24B32BFC0023C306 /* LOTR App.app */;
			productType = "com.apple.product-type.application";
		};
		7F9610D124B32BFE0023C306 /* LOTR AppTests */ = {
			isa = PBXNativeTarget;
			buildConfigurationList = 7F9610DE24B32BFE0023C306 /* Build configuration list for PBXNativeTarget "LOTR AppTests" */;
			buildPhases = (
				7F9610CE24B32BFE0023C306 /* Sources */,
				7F9610CF24B32BFE0023C306 /* Frameworks */,
				7F9610D024B32BFE0023C306 /* Resources */,
			);
			buildRules = (
			);
			dependencies = (
				7F9610D424B32BFE0023C306 /* PBXTargetDependency */,
			);
			name = "LOTR AppTests";
			productName = "LOTR AppTests";
			productReference = 7F9610D224B32BFE0023C306 /* LOTR AppTests.xctest */;
			productType = "com.apple.product-type.bundle.unit-test";
		};
/* End PBXNativeTarget section */

/* Begin PBXProject section */
		7F9610B424B32BFB0023C306 /* Project object */ = {
			isa = PBXProject;
			attributes = {
				LastSwiftUpdateCheck = 1150;
				LastUpgradeCheck = 1150;
				ORGANIZATIONNAME = "Latif Atci";
				TargetAttributes = {
					7F9610BB24B32BFC0023C306 = {
						CreatedOnToolsVersion = 11.5;
					};
					7F9610D124B32BFE0023C306 = {
						CreatedOnToolsVersion = 11.5;
						TestTargetID = 7F9610BB24B32BFC0023C306;
					};
				};
			};
			buildConfigurationList = 7F9610B724B32BFB0023C306 /* Build configuration list for PBXProject "LOTR App" */;
			compatibilityVersion = "Xcode 9.3";
			developmentRegion = en;
			hasScannedForEncodings = 0;
			knownRegions = (
				en,
				Base,
			);
			mainGroup = 7F9610B324B32BFB0023C306;
			productRefGroup = 7F9610BD24B32BFC0023C306 /* Products */;
			projectDirPath = "";
			projectRoot = "";
			targets = (
				7F9610BB24B32BFC0023C306 /* LOTR App */,
				7F9610D124B32BFE0023C306 /* LOTR AppTests */,
			);
		};
/* End PBXProject section */

/* Begin PBXResourcesBuildPhase section */
		7F9610BA24B32BFC0023C306 /* Resources */ = {
			isa = PBXResourcesBuildPhase;
			buildActionMask = 2147483647;
			files = (
				7F96117224BDE4930023C306 /* FavoritesList.storyboard in Resources */,
				7F96115824BC42A70023C306 /* MovieListDetail.storyboard in Resources */,
				7F9610CC24B32BFE0023C306 /* LaunchScreen.storyboard in Resources */,
				7F9610C924B32BFE0023C306 /* Assets.xcassets in Resources */,
				7F96115224B888280023C306 /* BookListDetail.storyboard in Resources */,
				7F9610C724B32BFC0023C306 /* BookList.storyboard in Resources */,
				7F96114024B6F9BA0023C306 /* MovieList.storyboard in Resources */,
			);
			runOnlyForDeploymentPostprocessing = 0;
		};
		7F9610D024B32BFE0023C306 /* Resources */ = {
			isa = PBXResourcesBuildPhase;
			buildActionMask = 2147483647;
			files = (
				7F96111024B456DF0023C306 /* character.json in Resources */,
				7F96110C24B456AE0023C306 /* quote.json in Resources */,
				7F96110A24B456930023C306 /* movie.json in Resources */,
				7F96110824B4566D0023C306 /* book.json in Resources */,
				7F96110E24B456C90023C306 /* chapter.json in Resources */,
			);
			runOnlyForDeploymentPostprocessing = 0;
		};
/* End PBXResourcesBuildPhase section */

/* Begin PBXSourcesBuildPhase section */
		7F9610B824B32BFC0023C306 /* Sources */ = {
			isa = PBXSourcesBuildPhase;
			buildActionMask = 2147483647;
			files = (
				7F96115624B88A870023C306 /* BookListDetailContracts.swift in Sources */,
				7F96111A24B487AA0023C306 /* BookListViewController.swift in Sources */,
				7F96117824BDE81F0023C306 /* FavoritesContracts.swift in Sources */,
				7F9610C024B32BFC0023C306 /* AppDelegate.swift in Sources */,
				7F96117424BDE4EA0023C306 /* FavoritesViewModel.swift in Sources */,
				7F96113124B5E19C0023C306 /* UIViewController + Extensions.swift in Sources */,
				7F96112324B48CB30023C306 /* AppRouter.swift in Sources */,
				7F96110124B34D3C0023C306 /* CharacterResponses.swift in Sources */,
				7FA8B24024C07717002DAD25 /* MoviesPersistanceManager.swift in Sources */,
				7F96113324B5F6770023C306 /* BaseViewController.swift in Sources */,
				7F96116224BC44810023C306 /* MovieListDetailContracts.swift in Sources */,
				7F96117A24C0286F0023C306 /* PersistanceError.swift in Sources */,
				7F96111F24B48AA30023C306 /* TabBarController.swift in Sources */,
				7F96116D24BC8C970023C306 /* PersistanceManagerContracts.swift in Sources */,
				7F9610FF24B34D0E0023C306 /* ChapterResponses.swift in Sources */,
				7F96112924B5A65C0023C306 /* BookListContracts.swift in Sources */,
				7F96111C24B487B50023C306 /* BookListViewModel.swift in Sources */,
				7F9610ED24B3394C0023C306 /* Books.swift in Sources */,
				7F96113E24B6F91B0023C306 /* MovieListViewController.swift in Sources */,
				7F9610F924B34C730023C306 /* Character.swift in Sources */,
				7F96117024BDE46C0023C306 /* FavoritesViewController.swift in Sources */,
				7F96117624BDE4FC0023C306 /* FavoritesSceneBuilder.swift in Sources */,
				7F96116B24BC8C750023C306 /* BooksPersistanceManager.swift in Sources */,
				7F96115024B888110023C306 /* BookListDetailViewModel.swift in Sources */,
				7F96115424B888350023C306 /* BookListDetailViewController.swift in Sources */,
				7F96115E24BC43E60023C306 /* MovieListDetailSceneBuilder.swift in Sources */,
				7F96115A24BC42CE0023C306 /* MovieListDetailViewController.swift in Sources */,
				7F9610FB24B34CA80023C306 /* QuoteResponses.swift in Sources */,
				7F9610EA24B331D30023C306 /* LOTRService.swift in Sources */,
				7F96116824BC72AC0023C306 /* Favorites.xcdatamodeld in Sources */,
				7F9610F524B349060023C306 /* Movie.swift in Sources */,
				7F96116524BC54490023C306 /* BookListCell.swift in Sources */,
				7F96112F24B5D8560023C306 /* BookListSceneBuilder.swift in Sources */,
				7F96112724B5A5440023C306 /* BookPresentation.swift in Sources */,
				7F96113C24B6F7F40023C306 /* MovieListViewModel.swift in Sources */,
				7F96114E24B887C00023C306 /* BookListDetailSceneBuilder.swift in Sources */,
				7F9610F324B348DB0023C306 /* Quote.swift in Sources */,
				7F96115C24BC43570023C306 /* MovieListDetailViewModel.swift in Sources */,
				7F9610E424B3319E0023C306 /* APIErrors.swift in Sources */,
				7F9610FD24B34CD50023C306 /* MovieResponses.swift in Sources */,
				7F96113824B6F6870023C306 /* MovieListContracts.swift in Sources */,
				7F9610E624B331A90023C306 /* APISettings.swift in Sources */,
				7F96113A24B6F7100023C306 /* MoviePresentation.swift in Sources */,
				7FA8B23E24C07305002DAD25 /* MovieListCell.swift in Sources */,
				7F9610E824B331C40023C306 /* LOTRApi.swift in Sources */,
				7F96114224B6FB9F0023C306 /* MovieListSceneBuilder.swift in Sources */,
				7F9610F124B33C2C0023C306 /* BooksResponses.swift in Sources */,
				7F9610F724B34B6A0023C306 /* Chapter.swift in Sources */,
			);
			runOnlyForDeploymentPostprocessing = 0;
		};
		7F9610CE24B32BFE0023C306 /* Sources */ = {
			isa = PBXSourcesBuildPhase;
			buildActionMask = 2147483647;
			files = (
				7F9610D724B32BFE0023C306 /* LOTR_AppTests.swift in Sources */,
				7F96110324B454490023C306 /* APISettingsTests.swift in Sources */,
				7F96111424B46C1D0023C306 /* ResourceLoader.swift in Sources */,
				7F96112C24B5AAB70023C306 /* BookListViewModelTests.swift in Sources */,
				7F96111224B46AF20023C306 /* MockService.swift in Sources */,
			);
			runOnlyForDeploymentPostprocessing = 0;
		};
/* End PBXSourcesBuildPhase section */

/* Begin PBXTargetDependency section */
		7F9610D424B32BFE0023C306 /* PBXTargetDependency */ = {
			isa = PBXTargetDependency;
			target = 7F9610BB24B32BFC0023C306 /* LOTR App */;
			targetProxy = 7F9610D324B32BFE0023C306 /* PBXContainerItemProxy */;
		};
/* End PBXTargetDependency section */

/* Begin PBXVariantGroup section */
		7F9610C524B32BFC0023C306 /* BookList.storyboard */ = {
			isa = PBXVariantGroup;
			children = (
				7F9610C624B32BFC0023C306 /* Base */,
			);
			name = BookList.storyboard;
			sourceTree = "<group>";
		};
		7F9610CA24B32BFE0023C306 /* LaunchScreen.storyboard */ = {
			isa = PBXVariantGroup;
			children = (
				7F9610CB24B32BFE0023C306 /* Base */,
			);
			name = LaunchScreen.storyboard;
			sourceTree = "<group>";
		};
/* End PBXVariantGroup section */

/* Begin XCBuildConfiguration section */
		7F9610D924B32BFE0023C306 /* Debug */ = {
			isa = XCBuildConfiguration;
			buildSettings = {
				ALWAYS_SEARCH_USER_PATHS = NO;
				CLANG_ANALYZER_NONNULL = YES;
				CLANG_ANALYZER_NUMBER_OBJECT_CONVERSION = YES_AGGRESSIVE;
				CLANG_CXX_LANGUAGE_STANDARD = "gnu++14";
				CLANG_CXX_LIBRARY = "libc++";
				CLANG_ENABLE_MODULES = YES;
				CLANG_ENABLE_OBJC_ARC = YES;
				CLANG_ENABLE_OBJC_WEAK = YES;
				CLANG_WARN_BLOCK_CAPTURE_AUTORELEASING = YES;
				CLANG_WARN_BOOL_CONVERSION = YES;
				CLANG_WARN_COMMA = YES;
				CLANG_WARN_CONSTANT_CONVERSION = YES;
				CLANG_WARN_DEPRECATED_OBJC_IMPLEMENTATIONS = YES;
				CLANG_WARN_DIRECT_OBJC_ISA_USAGE = YES_ERROR;
				CLANG_WARN_DOCUMENTATION_COMMENTS = YES;
				CLANG_WARN_EMPTY_BODY = YES;
				CLANG_WARN_ENUM_CONVERSION = YES;
				CLANG_WARN_INFINITE_RECURSION = YES;
				CLANG_WARN_INT_CONVERSION = YES;
				CLANG_WARN_NON_LITERAL_NULL_CONVERSION = YES;
				CLANG_WARN_OBJC_IMPLICIT_RETAIN_SELF = YES;
				CLANG_WARN_OBJC_LITERAL_CONVERSION = YES;
				CLANG_WARN_OBJC_ROOT_CLASS = YES_ERROR;
				CLANG_WARN_RANGE_LOOP_ANALYSIS = YES;
				CLANG_WARN_STRICT_PROTOTYPES = YES;
				CLANG_WARN_SUSPICIOUS_MOVE = YES;
				CLANG_WARN_UNGUARDED_AVAILABILITY = YES_AGGRESSIVE;
				CLANG_WARN_UNREACHABLE_CODE = YES;
				CLANG_WARN__DUPLICATE_METHOD_MATCH = YES;
				COPY_PHASE_STRIP = NO;
				DEBUG_INFORMATION_FORMAT = dwarf;
				ENABLE_STRICT_OBJC_MSGSEND = YES;
				ENABLE_TESTABILITY = YES;
				GCC_C_LANGUAGE_STANDARD = gnu11;
				GCC_DYNAMIC_NO_PIC = NO;
				GCC_NO_COMMON_BLOCKS = YES;
				GCC_OPTIMIZATION_LEVEL = 0;
				GCC_PREPROCESSOR_DEFINITIONS = (
					"DEBUG=1",
					"$(inherited)",
				);
				GCC_WARN_64_TO_32_BIT_CONVERSION = YES;
				GCC_WARN_ABOUT_RETURN_TYPE = YES_ERROR;
				GCC_WARN_UNDECLARED_SELECTOR = YES;
				GCC_WARN_UNINITIALIZED_AUTOS = YES_AGGRESSIVE;
				GCC_WARN_UNUSED_FUNCTION = YES;
				GCC_WARN_UNUSED_VARIABLE = YES;
				IPHONEOS_DEPLOYMENT_TARGET = 11.0;
				MTL_ENABLE_DEBUG_INFO = INCLUDE_SOURCE;
				MTL_FAST_MATH = YES;
				ONLY_ACTIVE_ARCH = YES;
				SDKROOT = iphoneos;
				SWIFT_ACTIVE_COMPILATION_CONDITIONS = DEBUG;
				SWIFT_OPTIMIZATION_LEVEL = "-Onone";
			};
			name = Debug;
		};
		7F9610DA24B32BFE0023C306 /* Release */ = {
			isa = XCBuildConfiguration;
			buildSettings = {
				ALWAYS_SEARCH_USER_PATHS = NO;
				CLANG_ANALYZER_NONNULL = YES;
				CLANG_ANALYZER_NUMBER_OBJECT_CONVERSION = YES_AGGRESSIVE;
				CLANG_CXX_LANGUAGE_STANDARD = "gnu++14";
				CLANG_CXX_LIBRARY = "libc++";
				CLANG_ENABLE_MODULES = YES;
				CLANG_ENABLE_OBJC_ARC = YES;
				CLANG_ENABLE_OBJC_WEAK = YES;
				CLANG_WARN_BLOCK_CAPTURE_AUTORELEASING = YES;
				CLANG_WARN_BOOL_CONVERSION = YES;
				CLANG_WARN_COMMA = YES;
				CLANG_WARN_CONSTANT_CONVERSION = YES;
				CLANG_WARN_DEPRECATED_OBJC_IMPLEMENTATIONS = YES;
				CLANG_WARN_DIRECT_OBJC_ISA_USAGE = YES_ERROR;
				CLANG_WARN_DOCUMENTATION_COMMENTS = YES;
				CLANG_WARN_EMPTY_BODY = YES;
				CLANG_WARN_ENUM_CONVERSION = YES;
				CLANG_WARN_INFINITE_RECURSION = YES;
				CLANG_WARN_INT_CONVERSION = YES;
				CLANG_WARN_NON_LITERAL_NULL_CONVERSION = YES;
				CLANG_WARN_OBJC_IMPLICIT_RETAIN_SELF = YES;
				CLANG_WARN_OBJC_LITERAL_CONVERSION = YES;
				CLANG_WARN_OBJC_ROOT_CLASS = YES_ERROR;
				CLANG_WARN_RANGE_LOOP_ANALYSIS = YES;
				CLANG_WARN_STRICT_PROTOTYPES = YES;
				CLANG_WARN_SUSPICIOUS_MOVE = YES;
				CLANG_WARN_UNGUARDED_AVAILABILITY = YES_AGGRESSIVE;
				CLANG_WARN_UNREACHABLE_CODE = YES;
				CLANG_WARN__DUPLICATE_METHOD_MATCH = YES;
				COPY_PHASE_STRIP = NO;
				DEBUG_INFORMATION_FORMAT = "dwarf-with-dsym";
				ENABLE_NS_ASSERTIONS = NO;
				ENABLE_STRICT_OBJC_MSGSEND = YES;
				GCC_C_LANGUAGE_STANDARD = gnu11;
				GCC_NO_COMMON_BLOCKS = YES;
				GCC_WARN_64_TO_32_BIT_CONVERSION = YES;
				GCC_WARN_ABOUT_RETURN_TYPE = YES_ERROR;
				GCC_WARN_UNDECLARED_SELECTOR = YES;
				GCC_WARN_UNINITIALIZED_AUTOS = YES_AGGRESSIVE;
				GCC_WARN_UNUSED_FUNCTION = YES;
				GCC_WARN_UNUSED_VARIABLE = YES;
				IPHONEOS_DEPLOYMENT_TARGET = 11.0;
				MTL_ENABLE_DEBUG_INFO = NO;
				MTL_FAST_MATH = YES;
				SDKROOT = iphoneos;
				SWIFT_COMPILATION_MODE = wholemodule;
				SWIFT_OPTIMIZATION_LEVEL = "-O";
				VALIDATE_PRODUCT = YES;
			};
			name = Release;
		};
		7F9610DC24B32BFE0023C306 /* Debug */ = {
			isa = XCBuildConfiguration;
			buildSettings = {
				ASSETCATALOG_COMPILER_APPICON_NAME = AppIcon;
				CODE_SIGN_STYLE = Automatic;
				DEVELOPMENT_TEAM = BY986JF6MT;
				INFOPLIST_FILE = "LOTR App/System/Info.plist";
				LD_RUNPATH_SEARCH_PATHS = (
					"$(inherited)",
					"@executable_path/Frameworks",
				);
				PRODUCT_BUNDLE_IDENTIFIER = "com.latifatci.LOTR-App";
				PRODUCT_NAME = "$(TARGET_NAME)";
				SWIFT_VERSION = 5.0;
				TARGETED_DEVICE_FAMILY = 1;
			};
			name = Debug;
		};
		7F9610DD24B32BFE0023C306 /* Release */ = {
			isa = XCBuildConfiguration;
			buildSettings = {
				ASSETCATALOG_COMPILER_APPICON_NAME = AppIcon;
				CODE_SIGN_STYLE = Automatic;
				DEVELOPMENT_TEAM = BY986JF6MT;
				INFOPLIST_FILE = "LOTR App/System/Info.plist";
				LD_RUNPATH_SEARCH_PATHS = (
					"$(inherited)",
					"@executable_path/Frameworks",
				);
				PRODUCT_BUNDLE_IDENTIFIER = "com.latifatci.LOTR-App";
				PRODUCT_NAME = "$(TARGET_NAME)";
				SWIFT_VERSION = 5.0;
				TARGETED_DEVICE_FAMILY = 1;
			};
			name = Release;
		};
		7F9610DF24B32BFE0023C306 /* Debug */ = {
			isa = XCBuildConfiguration;
			buildSettings = {
				ALWAYS_EMBED_SWIFT_STANDARD_LIBRARIES = YES;
				BUNDLE_LOADER = "$(TEST_HOST)";
				CODE_SIGN_STYLE = Automatic;
				DEVELOPMENT_TEAM = BY986JF6MT;
				INFOPLIST_FILE = "LOTR AppTests/Info.plist";
				IPHONEOS_DEPLOYMENT_TARGET = 13.5;
				LD_RUNPATH_SEARCH_PATHS = (
					"$(inherited)",
					"@executable_path/Frameworks",
					"@loader_path/Frameworks",
				);
				PRODUCT_BUNDLE_IDENTIFIER = "com.latifatci.LOTR-AppTests";
				PRODUCT_NAME = "$(TARGET_NAME)";
				SWIFT_VERSION = 5.0;
				TARGETED_DEVICE_FAMILY = "1,2";
				TEST_HOST = "$(BUILT_PRODUCTS_DIR)/LOTR App.app/LOTR App";
			};
			name = Debug;
		};
		7F9610E024B32BFE0023C306 /* Release */ = {
			isa = XCBuildConfiguration;
			buildSettings = {
				ALWAYS_EMBED_SWIFT_STANDARD_LIBRARIES = YES;
				BUNDLE_LOADER = "$(TEST_HOST)";
				CODE_SIGN_STYLE = Automatic;
				DEVELOPMENT_TEAM = BY986JF6MT;
				INFOPLIST_FILE = "LOTR AppTests/Info.plist";
				IPHONEOS_DEPLOYMENT_TARGET = 13.5;
				LD_RUNPATH_SEARCH_PATHS = (
					"$(inherited)",
					"@executable_path/Frameworks",
					"@loader_path/Frameworks",
				);
				PRODUCT_BUNDLE_IDENTIFIER = "com.latifatci.LOTR-AppTests";
				PRODUCT_NAME = "$(TARGET_NAME)";
				SWIFT_VERSION = 5.0;
				TARGETED_DEVICE_FAMILY = "1,2";
				TEST_HOST = "$(BUILT_PRODUCTS_DIR)/LOTR App.app/LOTR App";
			};
			name = Release;
		};
/* End XCBuildConfiguration section */

/* Begin XCConfigurationList section */
		7F9610B724B32BFB0023C306 /* Build configuration list for PBXProject "LOTR App" */ = {
			isa = XCConfigurationList;
			buildConfigurations = (
				7F9610D924B32BFE0023C306 /* Debug */,
				7F9610DA24B32BFE0023C306 /* Release */,
			);
			defaultConfigurationIsVisible = 0;
			defaultConfigurationName = Release;
		};
		7F9610DB24B32BFE0023C306 /* Build configuration list for PBXNativeTarget "LOTR App" */ = {
			isa = XCConfigurationList;
			buildConfigurations = (
				7F9610DC24B32BFE0023C306 /* Debug */,
				7F9610DD24B32BFE0023C306 /* Release */,
			);
			defaultConfigurationIsVisible = 0;
			defaultConfigurationName = Release;
		};
		7F9610DE24B32BFE0023C306 /* Build configuration list for PBXNativeTarget "LOTR AppTests" */ = {
			isa = XCConfigurationList;
			buildConfigurations = (
				7F9610DF24B32BFE0023C306 /* Debug */,
				7F9610E024B32BFE0023C306 /* Release */,
			);
			defaultConfigurationIsVisible = 0;
			defaultConfigurationName = Release;
		};
/* End XCConfigurationList section */

/* Begin XCVersionGroup section */
		7F96116624BC72AC0023C306 /* Favorites.xcdatamodeld */ = {
			isa = XCVersionGroup;
			children = (
				7F96116724BC72AC0023C306 /* Favorites.xcdatamodel */,
			);
			currentVersion = 7F96116724BC72AC0023C306 /* Favorites.xcdatamodel */;
			path = Favorites.xcdatamodeld;
			sourceTree = "<group>";
			versionGroupType = wrapper.xcdatamodel;
		};
/* End XCVersionGroup section */
	};
	rootObject = 7F9610B424B32BFB0023C306 /* Project object */;
}
